
Microsoft Visual Studio Solution File, Format Version 12.00
# Visual Studio Version 16
VisualStudioVersion = 16.0.30804.86
MinimumVisualStudioVersion = 10.0.40219.1
Project("{FAE04EC0-301F-11D3-BF4B-00C04F79EFBC}") = "TestX1Dummy", "TestX1Dummy\TestX1Dummy.csproj", "{1B99F93F-72E0-4C62-B3E3-0F71A2438D13}"
EndProject
Global
	GlobalSection(SolutionConfigurationPlatforms) = preSolution
		Debug|Any CPU = Debug|Any CPU
		Release|Any CPU = Release|Any CPU
	EndGlobalSection
	GlobalSection(ProjectConfigurationPlatforms) = postSolution
		{1B99F93F-72E0-4C62-B3E3-0F71A2438D13}.Debug|Any CPU.ActiveCfg = Debug|Any CPU
		{1B99F93F-72E0-4C62-B3E3-0F71A2438D13}.Debug|Any CPU.Build.0 = Debug|Any CPU
		{1B99F93F-72E0-4C62-B3E3-0F71A2438D13}.Release|Any CPU.ActiveCfg = Release|Any CPU
		{1B99F93F-72E0-4C62-B3E3-0F71A2438D13}.Release|Any CPU.Build.0 = Release|Any CPU
	EndGlobalSection
	GlobalSection(SolutionProperties) = preSolution
		HideSolutionNode = FALSE
	EndGlobalSection
	GlobalSection(ExtensibilityGlobals) = postSolution
		SolutionGuid = {529B2227-E0A8-45E2-AFA7-9D403B62CA94}
	EndGlobalSection
EndGlobal
